
Microsoft Visual Studio Solution File, Format Version 12.00
# Visual Studio Version 17
VisualStudioVersion = 17.5.33530.505
MinimumVisualStudioVersion = 10.0.40219.1
Project("{FAE04EC0-301F-11D3-BF4B-00C04F79EFBC}") = "Ahpcz.API", "Ahpcz.API\Ahpcz.API.csproj", "{97C83585-293A-458D-8CB1-7C55DA1EFEFC}"
EndProject
Project("{FAE04EC0-301F-11D3-BF4B-00C04F79EFBC}") = "Ahpcz.DataAccess", "Ahpcz.DataAccess\Ahpcz.DataAccess.csproj", "{4BCCF918-8F4A-4CBC-8B0A-2C18F090B049}"
EndProject
Project("{FAE04EC0-301F-11D3-BF4B-00C04F79EFBC}") = "Ahpcz.Domain", "Ahpcz.Domain\Ahpcz.Domain.csproj", "{A087E29B-8478-4805-BE84-4BA73583B0BA}"
EndProject
Global
	GlobalSection(SolutionConfigurationPlatforms) = preSolution
		Debug|Any CPU = Debug|Any CPU
		Release|Any CPU = Release|Any CPU
	EndGlobalSection
	GlobalSection(ProjectConfigurationPlatforms) = postSolution
		{97C83585-293A-458D-8CB1-7C55DA1EFEFC}.Debug|Any CPU.ActiveCfg = Debug|Any CPU
		{97C83585-293A-458D-8CB1-7C55DA1EFEFC}.Debug|Any CPU.Build.0 = Debug|Any CPU
		{97C83585-293A-458D-8CB1-7C55DA1EFEFC}.Release|Any CPU.ActiveCfg = Release|Any CPU
		{97C83585-293A-458D-8CB1-7C55DA1EFEFC}.Release|Any CPU.Build.0 = Release|Any CPU
		{4BCCF918-8F4A-4CBC-8B0A-2C18F090B049}.Debug|Any CPU.ActiveCfg = Debug|Any CPU
		{4BCCF918-8F4A-4CBC-8B0A-2C18F090B049}.Debug|Any CPU.Build.0 = Debug|Any CPU
		{4BCCF918-8F4A-4CBC-8B0A-2C18F090B049}.Release|Any CPU.ActiveCfg = Release|Any CPU
		{4BCCF918-8F4A-4CBC-8B0A-2C18F090B049}.Release|Any CPU.Build.0 = Release|Any CPU
		{A087E29B-8478-4805-BE84-4BA73583B0BA}.Debug|Any CPU.ActiveCfg = Debug|Any CPU
		{A087E29B-8478-4805-BE84-4BA73583B0BA}.Debug|Any CPU.Build.0 = Debug|Any CPU
		{A087E29B-8478-4805-BE84-4BA73583B0BA}.Release|Any CPU.ActiveCfg = Release|Any CPU
		{A087E29B-8478-4805-BE84-4BA73583B0BA}.Release|Any CPU.Build.0 = Release|Any CPU
	EndGlobalSection
	GlobalSection(SolutionProperties) = preSolution
		HideSolutionNode = FALSE
	EndGlobalSection
	GlobalSection(ExtensibilityGlobals) = postSolution
		SolutionGuid = {EA77AEAD-3C5D-4D4E-BC35-6940C64543A9}
	EndGlobalSection
EndGlobal
